// !$*UTF8*$!
{
	archiveVersion = 1;
	classes = {
	};
	objectVersion = 50;
	objects = {

/* Begin PBXBuildFile section */
		5C7E4824248BCA9100E01610 /* AppDelegate.swift in Sources */ = {isa = PBXBuildFile; fileRef = 5C7E4823248BCA9100E01610 /* AppDelegate.swift */; };
		5C7E4826248BCA9100E01610 /* SceneDelegate.swift in Sources */ = {isa = PBXBuildFile; fileRef = 5C7E4825248BCA9100E01610 /* SceneDelegate.swift */; };
		5C7E4828248BCA9100E01610 /* ContentView.swift in Sources */ = {isa = PBXBuildFile; fileRef = 5C7E4827248BCA9100E01610 /* ContentView.swift */; };
		5C7E482A248BCA9300E01610 /* Assets.xcassets in Resources */ = {isa = PBXBuildFile; fileRef = 5C7E4829248BCA9300E01610 /* Assets.xcassets */; };
		5C7E482D248BCA9300E01610 /* Preview Assets.xcassets in Resources */ = {isa = PBXBuildFile; fileRef = 5C7E482C248BCA9300E01610 /* Preview Assets.xcassets */; };
		5C7E4830248BCA9300E01610 /* LaunchScreen.storyboard in Resources */ = {isa = PBXBuildFile; fileRef = 5C7E482E248BCA9300E01610 /* LaunchScreen.storyboard */; };
		5C7E483B248BCA9300E01610 /* TinderUIPoCTests.swift in Sources */ = {isa = PBXBuildFile; fileRef = 5C7E483A248BCA9300E01610 /* TinderUIPoCTests.swift */; };
		5C7E4846248BCA9300E01610 /* TinderUIPoCUITests.swift in Sources */ = {isa = PBXBuildFile; fileRef = 5C7E4845248BCA9300E01610 /* TinderUIPoCUITests.swift */; };
		5C7E4854248BD2A000E01610 /* CardView.swift in Sources */ = {isa = PBXBuildFile; fileRef = 5C7E4853248BD2A000E01610 /* CardView.swift */; };
/* End PBXBuildFile section */

/* Begin PBXContainerItemProxy section */
		5C7E4837248BCA9300E01610 /* PBXContainerItemProxy */ = {
			isa = PBXContainerItemProxy;
			containerPortal = 5C7E4818248BCA9100E01610 /* Project object */;
			proxyType = 1;
			remoteGlobalIDString = 5C7E481F248BCA9100E01610;
			remoteInfo = TinderUIPoC;
		};
		5C7E4842248BCA9300E01610 /* PBXContainerItemProxy */ = {
			isa = PBXContainerItemProxy;
			containerPortal = 5C7E4818248BCA9100E01610 /* Project object */;
			proxyType = 1;
			remoteGlobalIDString = 5C7E481F248BCA9100E01610;
			remoteInfo = TinderUIPoC;
		};
/* End PBXContainerItemProxy section */

/* Begin PBXFileReference section */
		5C7E4820248BCA9100E01610 /* TinderUIPoC.app */ = {isa = PBXFileReference; explicitFileType = wrapper.application; includeInIndex = 0; path = TinderUIPoC.app; sourceTree = BUILT_PRODUCTS_DIR; };
		5C7E4823248BCA9100E01610 /* AppDelegate.swift */ = {isa = PBXFileReference; lastKnownFileType = sourcecode.swift; path = AppDelegate.swift; sourceTree = "<group>"; };
		5C7E4825248BCA9100E01610 /* SceneDelegate.swift */ = {isa = PBXFileReference; lastKnownFileType = sourcecode.swift; path = SceneDelegate.swift; sourceTree = "<group>"; };
		5C7E4827248BCA9100E01610 /* ContentView.swift */ = {isa = PBXFileReference; lastKnownFileType = sourcecode.swift; path = ContentView.swift; sourceTree = "<group>"; };
		5C7E4829248BCA9300E01610 /* Assets.xcassets */ = {isa = PBXFileReference; lastKnownFileType = folder.assetcatalog; path = Assets.xcassets; sourceTree = "<group>"; };
		5C7E482C248BCA9300E01610 /* Preview Assets.xcassets */ = {isa = PBXFileReference; lastKnownFileType = folder.assetcatalog; path = "Preview Assets.xcassets"; sourceTree = "<group>"; };
		5C7E482F248BCA9300E01610 /* Base */ = {isa = PBXFileReference; lastKnownFileType = file.storyboard; name = Base; path = Base.lproj/LaunchScreen.storyboard; sourceTree = "<group>"; };
		5C7E4831248BCA9300E01610 /* Info.plist */ = {isa = PBXFileReference; lastKnownFileType = text.plist.xml; path = Info.plist; sourceTree = "<group>"; };
		5C7E4836248BCA9300E01610 /* TinderUIPoCTests.xctest */ = {isa = PBXFileReference; explicitFileType = wrapper.cfbundle; includeInIndex = 0; path = TinderUIPoCTests.xctest; sourceTree = BUILT_PRODUCTS_DIR; };
		5C7E483A248BCA9300E01610 /* TinderUIPoCTests.swift */ = {isa = PBXFileReference; lastKnownFileType = sourcecode.swift; path = TinderUIPoCTests.swift; sourceTree = "<group>"; };
		5C7E483C248BCA9300E01610 /* Info.plist */ = {isa = PBXFileReference; lastKnownFileType = text.plist.xml; path = Info.plist; sourceTree = "<group>"; };
		5C7E4841248BCA9300E01610 /* TinderUIPoCUITests.xctest */ = {isa = PBXFileReference; explicitFileType = wrapper.cfbundle; includeInIndex = 0; path = TinderUIPoCUITests.xctest; sourceTree = BUILT_PRODUCTS_DIR; };
		5C7E4845248BCA9300E01610 /* TinderUIPoCUITests.swift */ = {isa = PBXFileReference; lastKnownFileType = sourcecode.swift; path = TinderUIPoCUITests.swift; sourceTree = "<group>"; };
		5C7E4847248BCA9300E01610 /* Info.plist */ = {isa = PBXFileReference; lastKnownFileType = text.plist.xml; path = Info.plist; sourceTree = "<group>"; };
		5C7E4853248BD2A000E01610 /* CardView.swift */ = {isa = PBXFileReference; lastKnownFileType = sourcecode.swift; path = CardView.swift; sourceTree = "<group>"; };
/* End PBXFileReference section */

/* Begin PBXFrameworksBuildPhase section */
		5C7E481D248BCA9100E01610 /* Frameworks */ = {
			isa = PBXFrameworksBuildPhase;
			buildActionMask = 2147483647;
			files = (
			);
			runOnlyForDeploymentPostprocessing = 0;
		};
		5C7E4833248BCA9300E01610 /* Frameworks */ = {
			isa = PBXFrameworksBuildPhase;
			buildActionMask = 2147483647;
			files = (
			);
			runOnlyForDeploymentPostprocessing = 0;
		};
		5C7E483E248BCA9300E01610 /* Frameworks */ = {
			isa = PBXFrameworksBuildPhase;
			buildActionMask = 2147483647;
			files = (
			);
			runOnlyForDeploymentPostprocessing = 0;
		};
/* End PBXFrameworksBuildPhase section */

/* Begin PBXGroup section */
		5C7E4817248BCA9100E01610 = {
			isa = PBXGroup;
			children = (
				5C7E4822248BCA9100E01610 /* TinderUIPoC */,
				5C7E4839248BCA9300E01610 /* TinderUIPoCTests */,
				5C7E4844248BCA9300E01610 /* TinderUIPoCUITests */,
				5C7E4821248BCA9100E01610 /* Products */,
			);
			sourceTree = "<group>";
		};
		5C7E4821248BCA9100E01610 /* Products */ = {
			isa = PBXGroup;
			children = (
				5C7E4820248BCA9100E01610 /* TinderUIPoC.app */,
				5C7E4836248BCA9300E01610 /* TinderUIPoCTests.xctest */,
				5C7E4841248BCA9300E01610 /* TinderUIPoCUITests.xctest */,
			);
			name = Products;
			sourceTree = "<group>";
		};
		5C7E4822248BCA9100E01610 /* TinderUIPoC */ = {
			isa = PBXGroup;
			children = (
				5C7E4823248BCA9100E01610 /* AppDelegate.swift */,
				5C7E4825248BCA9100E01610 /* SceneDelegate.swift */,
				5C7E4827248BCA9100E01610 /* ContentView.swift */,
				5C7E4853248BD2A000E01610 /* CardView.swift */,
				5C7E4829248BCA9300E01610 /* Assets.xcassets */,
				5C7E482E248BCA9300E01610 /* LaunchScreen.storyboard */,
				5C7E4831248BCA9300E01610 /* Info.plist */,
				5C7E482B248BCA9300E01610 /* Preview Content */,
			);
			path = TinderUIPoC;
			sourceTree = "<group>";
		};
		5C7E482B248BCA9300E01610 /* Preview Content */ = {
			isa = PBXGroup;
			children = (
				5C7E482C248BCA9300E01610 /* Preview Assets.xcassets */,
			);
			path = "Preview Content";
			sourceTree = "<group>";
		};
		5C7E4839248BCA9300E01610 /* TinderUIPoCTests */ = {
			isa = PBXGroup;
			children = (
				5C7E483A248BCA9300E01610 /* TinderUIPoCTests.swift */,
				5C7E483C248BCA9300E01610 /* Info.plist */,
			);
			path = TinderUIPoCTests;
			sourceTree = "<group>";
		};
		5C7E4844248BCA9300E01610 /* TinderUIPoCUITests */ = {
			isa = PBXGroup;
			children = (
				5C7E4845248BCA9300E01610 /* TinderUIPoCUITests.swift */,
				5C7E4847248BCA9300E01610 /* Info.plist */,
			);
			path = TinderUIPoCUITests;
			sourceTree = "<group>";
		};
/* End PBXGroup section */

/* Begin PBXNativeTarget section */
		5C7E481F248BCA9100E01610 /* TinderUIPoC */ = {
			isa = PBXNativeTarget;
			buildConfigurationList = 5C7E484A248BCA9300E01610 /* Build configuration list for PBXNativeTarget "TinderUIPoC" */;
			buildPhases = (
				5C7E481C248BCA9100E01610 /* Sources */,
				5C7E481D248BCA9100E01610 /* Frameworks */,
				5C7E481E248BCA9100E01610 /* Resources */,
			);
			buildRules = (
			);
			dependencies = (
			);
			name = TinderUIPoC;
			productName = TinderUIPoC;
			productReference = 5C7E4820248BCA9100E01610 /* TinderUIPoC.app */;
			productType = "com.apple.product-type.application";
		};
		5C7E4835248BCA9300E01610 /* TinderUIPoCTests */ = {
			isa = PBXNativeTarget;
			buildConfigurationList = 5C7E484D248BCA9300E01610 /* Build configuration list for PBXNativeTarget "TinderUIPoCTests" */;
			buildPhases = (
				5C7E4832248BCA9300E01610 /* Sources */,
				5C7E4833248BCA9300E01610 /* Frameworks */,
				5C7E4834248BCA9300E01610 /* Resources */,
			);
			buildRules = (
			);
			dependencies = (
				5C7E4838248BCA9300E01610 /* PBXTargetDependency */,
			);
			name = TinderUIPoCTests;
			productName = TinderUIPoCTests;
			productReference = 5C7E4836248BCA9300E01610 /* TinderUIPoCTests.xctest */;
			productType = "com.apple.product-type.bundle.unit-test";
		};
		5C7E4840248BCA9300E01610 /* TinderUIPoCUITests */ = {
			isa = PBXNativeTarget;
			buildConfigurationList = 5C7E4850248BCA9300E01610 /* Build configuration list for PBXNativeTarget "TinderUIPoCUITests" */;
			buildPhases = (
				5C7E483D248BCA9300E01610 /* Sources */,
				5C7E483E248BCA9300E01610 /* Frameworks */,
				5C7E483F248BCA9300E01610 /* Resources */,
			);
			buildRules = (
			);
			dependencies = (
				5C7E4843248BCA9300E01610 /* PBXTargetDependency */,
			);
			name = TinderUIPoCUITests;
			productName = TinderUIPoCUITests;
			productReference = 5C7E4841248BCA9300E01610 /* TinderUIPoCUITests.xctest */;
			productType = "com.apple.product-type.bundle.ui-testing";
		};
/* End PBXNativeTarget section */

/* Begin PBXProject section */
		5C7E4818248BCA9100E01610 /* Project object */ = {
			isa = PBXProject;
			attributes = {
				LastSwiftUpdateCheck = 1150;
				LastUpgradeCheck = 1150;
				ORGANIZATIONNAME = "板垣智也";
				TargetAttributes = {
					5C7E481F248BCA9100E01610 = {
						CreatedOnToolsVersion = 11.5;
					};
					5C7E4835248BCA9300E01610 = {
						CreatedOnToolsVersion = 11.5;
						TestTargetID = 5C7E481F248BCA9100E01610;
					};
					5C7E4840248BCA9300E01610 = {
						CreatedOnToolsVersion = 11.5;
						TestTargetID = 5C7E481F248BCA9100E01610;
					};
				};
			};
			buildConfigurationList = 5C7E481B248BCA9100E01610 /* Build configuration list for PBXProject "TinderUIPoC" */;
			compatibilityVersion = "Xcode 9.3";
			developmentRegion = en;
			hasScannedForEncodings = 0;
			knownRegions = (
				en,
				Base,
			);
			mainGroup = 5C7E4817248BCA9100E01610;
			productRefGroup = 5C7E4821248BCA9100E01610 /* Products */;
			projectDirPath = "";
			projectRoot = "";
			targets = (
				5C7E481F248BCA9100E01610 /* TinderUIPoC */,
				5C7E4835248BCA9300E01610 /* TinderUIPoCTests */,
				5C7E4840248BCA9300E01610 /* TinderUIPoCUITests */,
			);
		};
/* End PBXProject section */

/* Begin PBXResourcesBuildPhase section */
		5C7E481E248BCA9100E01610 /* Resources */ = {
			isa = PBXResourcesBuildPhase;
			buildActionMask = 2147483647;
			files = (
				5C7E4830248BCA9300E01610 /* LaunchScreen.storyboard in Resources */,
				5C7E482D248BCA9300E01610 /* Preview Assets.xcassets in Resources */,
				5C7E482A248BCA9300E01610 /* Assets.xcassets in Resources */,
			);
			runOnlyForDeploymentPostprocessing = 0;
		};
		5C7E4834248BCA9300E01610 /* Resources */ = {
			isa = PBXResourcesBuildPhase;
			buildActionMask = 2147483647;
			files = (
			);
			runOnlyForDeploymentPostprocessing = 0;
		};
		5C7E483F248BCA9300E01610 /* Resources */ = {
			isa = PBXResourcesBuildPhase;
			buildActionMask = 2147483647;
			files = (
			);
			runOnlyForDeploymentPostprocessing = 0;
		};
/* End PBXResourcesBuildPhase section */

/* Begin PBXSourcesBuildPhase section */
		5C7E481C248BCA9100E01610 /* Sources */ = {
			isa = PBXSourcesBuildPhase;
			buildActionMask = 2147483647;
			files = (
				5C7E4824248BCA9100E01610 /* AppDelegate.swift in Sources */,
				5C7E4826248BCA9100E01610 /* SceneDelegate.swift in Sources */,
				5C7E4854248BD2A000E01610 /* CardView.swift in Sources */,
				5C7E4828248BCA9100E01610 /* ContentView.swift in Sources */,
			);
			runOnlyForDeploymentPostprocessing = 0;
		};
		5C7E4832248BCA9300E01610 /* Sources */ = {
			isa = PBXSourcesBuildPhase;
			buildActionMask = 2147483647;
			files = (
				5C7E483B248BCA9300E01610 /* TinderUIPoCTests.swift in Sources */,
			);
			runOnlyForDeploymentPostprocessing = 0;
		};
		5C7E483D248BCA9300E01610 /* Sources */ = {
			isa = PBXSourcesBuildPhase;
			buildActionMask = 2147483647;
			files = (
				5C7E4846248BCA9300E01610 /* TinderUIPoCUITests.swift in Sources */,
			);
			runOnlyForDeploymentPostprocessing = 0;
		};
/* End PBXSourcesBuildPhase section */

/* Begin PBXTargetDependency section */
		5C7E4838248BCA9300E01610 /* PBXTargetDependency */ = {
			isa = PBXTargetDependency;
			target = 5C7E481F248BCA9100E01610 /* TinderUIPoC */;
			targetProxy = 5C7E4837248BCA9300E01610 /* PBXContainerItemProxy */;
		};
		5C7E4843248BCA9300E01610 /* PBXTargetDependency */ = {
			isa = PBXTargetDependency;
			target = 5C7E481F248BCA9100E01610 /* TinderUIPoC */;
			targetProxy = 5C7E4842248BCA9300E01610 /* PBXContainerItemProxy */;
		};
/* End PBXTargetDependency section */

/* Begin PBXVariantGroup section */
		5C7E482E248BCA9300E01610 /* LaunchScreen.storyboard */ = {
			isa = PBXVariantGroup;
			children = (
				5C7E482F248BCA9300E01610 /* Base */,
			);
			name = LaunchScreen.storyboard;
			sourceTree = "<group>";
		};
/* End PBXVariantGroup section */

/* Begin XCBuildConfiguration section */
		5C7E4848248BCA9300E01610 /* Debug */ = {
			isa = XCBuildConfiguration;
			buildSettings = {
				ALWAYS_SEARCH_USER_PATHS = NO;
				CLANG_ANALYZER_NONNULL = YES;
				CLANG_ANALYZER_NUMBER_OBJECT_CONVERSION = YES_AGGRESSIVE;
				CLANG_CXX_LANGUAGE_STANDARD = "gnu++14";
				CLANG_CXX_LIBRARY = "libc++";
				CLANG_ENABLE_MODULES = YES;
				CLANG_ENABLE_OBJC_ARC = YES;
				CLANG_ENABLE_OBJC_WEAK = YES;
				CLANG_WARN_BLOCK_CAPTURE_AUTORELEASING = YES;
				CLANG_WARN_BOOL_CONVERSION = YES;
				CLANG_WARN_COMMA = YES;
				CLANG_WARN_CONSTANT_CONVERSION = YES;
				CLANG_WARN_DEPRECATED_OBJC_IMPLEMENTATIONS = YES;
				CLANG_WARN_DIRECT_OBJC_ISA_USAGE = YES_ERROR;
				CLANG_WARN_DOCUMENTATION_COMMENTS = YES;
				CLANG_WARN_EMPTY_BODY = YES;
				CLANG_WARN_ENUM_CONVERSION = YES;
				CLANG_WARN_INFINITE_RECURSION = YES;
				CLANG_WARN_INT_CONVERSION = YES;
				CLANG_WARN_NON_LITERAL_NULL_CONVERSION = YES;
				CLANG_WARN_OBJC_IMPLICIT_RETAIN_SELF = YES;
				CLANG_WARN_OBJC_LITERAL_CONVERSION = YES;
				CLANG_WARN_OBJC_ROOT_CLASS = YES_ERROR;
				CLANG_WARN_RANGE_LOOP_ANALYSIS = YES;
				CLANG_WARN_STRICT_PROTOTYPES = YES;
				CLANG_WARN_SUSPICIOUS_MOVE = YES;
				CLANG_WARN_UNGUARDED_AVAILABILITY = YES_AGGRESSIVE;
				CLANG_WARN_UNREACHABLE_CODE = YES;
				CLANG_WARN__DUPLICATE_METHOD_MATCH = YES;
				COPY_PHASE_STRIP = NO;
				DEBUG_INFORMATION_FORMAT = dwarf;
				ENABLE_STRICT_OBJC_MSGSEND = YES;
				ENABLE_TESTABILITY = YES;
				GCC_C_LANGUAGE_STANDARD = gnu11;
				GCC_DYNAMIC_NO_PIC = NO;
				GCC_NO_COMMON_BLOCKS = YES;
				GCC_OPTIMIZATION_LEVEL = 0;
				GCC_PREPROCESSOR_DEFINITIONS = (
					"DEBUG=1",
					"$(inherited)",
				);
				GCC_WARN_64_TO_32_BIT_CONVERSION = YES;
				GCC_WARN_ABOUT_RETURN_TYPE = YES_ERROR;
				GCC_WARN_UNDECLARED_SELECTOR = YES;
				GCC_WARN_UNINITIALIZED_AUTOS = YES_AGGRESSIVE;
				GCC_WARN_UNUSED_FUNCTION = YES;
				GCC_WARN_UNUSED_VARIABLE = YES;
				IPHONEOS_DEPLOYMENT_TARGET = 13.5;
				MTL_ENABLE_DEBUG_INFO = INCLUDE_SOURCE;
				MTL_FAST_MATH = YES;
				ONLY_ACTIVE_ARCH = YES;
				SDKROOT = iphoneos;
				SWIFT_ACTIVE_COMPILATION_CONDITIONS = DEBUG;
				SWIFT_OPTIMIZATION_LEVEL = "-Onone";
			};
			name = Debug;
		};
		5C7E4849248BCA9300E01610 /* Release */ = {
			isa = XCBuildConfiguration;
			buildSettings = {
				ALWAYS_SEARCH_USER_PATHS = NO;
				CLANG_ANALYZER_NONNULL = YES;
				CLANG_ANALYZER_NUMBER_OBJECT_CONVERSION = YES_AGGRESSIVE;
				CLANG_CXX_LANGUAGE_STANDARD = "gnu++14";
				CLANG_CXX_LIBRARY = "libc++";
				CLANG_ENABLE_MODULES = YES;
				CLANG_ENABLE_OBJC_ARC = YES;
				CLANG_ENABLE_OBJC_WEAK = YES;
				CLANG_WARN_BLOCK_CAPTURE_AUTORELEASING = YES;
				CLANG_WARN_BOOL_CONVERSION = YES;
				CLANG_WARN_COMMA = YES;
				CLANG_WARN_CONSTANT_CONVERSION = YES;
				CLANG_WARN_DEPRECATED_OBJC_IMPLEMENTATIONS = YES;
				CLANG_WARN_DIRECT_OBJC_ISA_USAGE = YES_ERROR;
				CLANG_WARN_DOCUMENTATION_COMMENTS = YES;
				CLANG_WARN_EMPTY_BODY = YES;
				CLANG_WARN_ENUM_CONVERSION = YES;
				CLANG_WARN_INFINITE_RECURSION = YES;
				CLANG_WARN_INT_CONVERSION = YES;
				CLANG_WARN_NON_LITERAL_NULL_CONVERSION = YES;
				CLANG_WARN_OBJC_IMPLICIT_RETAIN_SELF = YES;
				CLANG_WARN_OBJC_LITERAL_CONVERSION = YES;
				CLANG_WARN_OBJC_ROOT_CLASS = YES_ERROR;
				CLANG_WARN_RANGE_LOOP_ANALYSIS = YES;
				CLANG_WARN_STRICT_PROTOTYPES = YES;
				CLANG_WARN_SUSPICIOUS_MOVE = YES;
				CLANG_WARN_UNGUARDED_AVAILABILITY = YES_AGGRESSIVE;
				CLANG_WARN_UNREACHABLE_CODE = YES;
				CLANG_WARN__DUPLICATE_METHOD_MATCH = YES;
				COPY_PHASE_STRIP = NO;
				DEBUG_INFORMATION_FORMAT = "dwarf-with-dsym";
				ENABLE_NS_ASSERTIONS = NO;
				ENABLE_STRICT_OBJC_MSGSEND = YES;
				GCC_C_LANGUAGE_STANDARD = gnu11;
				GCC_NO_COMMON_BLOCKS = YES;
				GCC_WARN_64_TO_32_BIT_CONVERSION = YES;
				GCC_WARN_ABOUT_RETURN_TYPE = YES_ERROR;
				GCC_WARN_UNDECLARED_SELECTOR = YES;
				GCC_WARN_UNINITIALIZED_AUTOS = YES_AGGRESSIVE;
				GCC_WARN_UNUSED_FUNCTION = YES;
				GCC_WARN_UNUSED_VARIABLE = YES;
				IPHONEOS_DEPLOYMENT_TARGET = 13.5;
				MTL_ENABLE_DEBUG_INFO = NO;
				MTL_FAST_MATH = YES;
				SDKROOT = iphoneos;
				SWIFT_COMPILATION_MODE = wholemodule;
				SWIFT_OPTIMIZATION_LEVEL = "-O";
				VALIDATE_PRODUCT = YES;
			};
			name = Release;
		};
		5C7E484B248BCA9300E01610 /* Debug */ = {
			isa = XCBuildConfiguration;
			buildSettings = {
				ASSETCATALOG_COMPILER_APPICON_NAME = AppIcon;
				CODE_SIGN_STYLE = Automatic;
				DEVELOPMENT_ASSET_PATHS = "\"TinderUIPoC/Preview Content\"";
				DEVELOPMENT_TEAM = BBP79TNKTL;
				ENABLE_PREVIEWS = YES;
				INFOPLIST_FILE = TinderUIPoC/Info.plist;
				LD_RUNPATH_SEARCH_PATHS = (
					"$(inherited)",
					"@executable_path/Frameworks",
				);
				PRODUCT_BUNDLE_IDENTIFIER = com.oyatom.TinderUIPoC;
				PRODUCT_NAME = "$(TARGET_NAME)";
				SWIFT_VERSION = 5.0;
				TARGETED_DEVICE_FAMILY = "1,2";
			};
			name = Debug;
		};
		5C7E484C248BCA9300E01610 /* Release */ = {
			isa = XCBuildConfiguration;
			buildSettings = {
				ASSETCATALOG_COMPILER_APPICON_NAME = AppIcon;
				CODE_SIGN_STYLE = Automatic;
				DEVELOPMENT_ASSET_PATHS = "\"TinderUIPoC/Preview Content\"";
				DEVELOPMENT_TEAM = BBP79TNKTL;
				ENABLE_PREVIEWS = YES;
				INFOPLIST_FILE = TinderUIPoC/Info.plist;
				LD_RUNPATH_SEARCH_PATHS = (
					"$(inherited)",
					"@executable_path/Frameworks",
				);
				PRODUCT_BUNDLE_IDENTIFIER = com.oyatom.TinderUIPoC;
				PRODUCT_NAME = "$(TARGET_NAME)";
				SWIFT_VERSION = 5.0;
				TARGETED_DEVICE_FAMILY = "1,2";
			};
			name = Release;
		};
		5C7E484E248BCA9300E01610 /* Debug */ = {
			isa = XCBuildConfiguration;
			buildSettings = {
				ALWAYS_EMBED_SWIFT_STANDARD_LIBRARIES = YES;
				BUNDLE_LOADER = "$(TEST_HOST)";
				CODE_SIGN_STYLE = Automatic;
				DEVELOPMENT_TEAM = BBP79TNKTL;
				INFOPLIST_FILE = TinderUIPoCTests/Info.plist;
				IPHONEOS_DEPLOYMENT_TARGET = 13.5;
				LD_RUNPATH_SEARCH_PATHS = (
					"$(inherited)",
					"@executable_path/Frameworks",
					"@loader_path/Frameworks",
				);
				PRODUCT_BUNDLE_IDENTIFIER = com.oyatom.TinderUIPoCTests;
				PRODUCT_NAME = "$(TARGET_NAME)";
				SWIFT_VERSION = 5.0;
				TARGETED_DEVICE_FAMILY = "1,2";
				TEST_HOST = "$(BUILT_PRODUCTS_DIR)/TinderUIPoC.app/TinderUIPoC";
			};
			name = Debug;
		};
		5C7E484F248BCA9300E01610 /* Release */ = {
			isa = XCBuildConfiguration;
			buildSettings = {
				ALWAYS_EMBED_SWIFT_STANDARD_LIBRARIES = YES;
				BUNDLE_LOADER = "$(TEST_HOST)";
				CODE_SIGN_STYLE = Automatic;
				DEVELOPMENT_TEAM = BBP79TNKTL;
				INFOPLIST_FILE = TinderUIPoCTests/Info.plist;
				IPHONEOS_DEPLOYMENT_TARGET = 13.5;
				LD_RUNPATH_SEARCH_PATHS = (
					"$(inherited)",
					"@executable_path/Frameworks",
					"@loader_path/Frameworks",
				);
				PRODUCT_BUNDLE_IDENTIFIER = com.oyatom.TinderUIPoCTests;
				PRODUCT_NAME = "$(TARGET_NAME)";
				SWIFT_VERSION = 5.0;
				TARGETED_DEVICE_FAMILY = "1,2";
				TEST_HOST = "$(BUILT_PRODUCTS_DIR)/TinderUIPoC.app/TinderUIPoC";
			};
			name = Release;
		};
		5C7E4851248BCA9300E01610 /* Debug */ = {
			isa = XCBuildConfiguration;
			buildSettings = {
				ALWAYS_EMBED_SWIFT_STANDARD_LIBRARIES = YES;
				CODE_SIGN_STYLE = Automatic;
				DEVELOPMENT_TEAM = BBP79TNKTL;
				INFOPLIST_FILE = TinderUIPoCUITests/Info.plist;
				LD_RUNPATH_SEARCH_PATHS = (
					"$(inherited)",
					"@executable_path/Frameworks",
					"@loader_path/Frameworks",
				);
				PRODUCT_BUNDLE_IDENTIFIER = com.oyatom.TinderUIPoCUITests;
				PRODUCT_NAME = "$(TARGET_NAME)";
				SWIFT_VERSION = 5.0;
				TARGETED_DEVICE_FAMILY = "1,2";
				TEST_TARGET_NAME = TinderUIPoC;
			};
			name = Debug;
		};
		5C7E4852248BCA9300E01610 /* Release */ = {
			isa = XCBuildConfiguration;
			buildSettings = {
				ALWAYS_EMBED_SWIFT_STANDARD_LIBRARIES = YES;
				CODE_SIGN_STYLE = Automatic;
				DEVELOPMENT_TEAM = BBP79TNKTL;
				INFOPLIST_FILE = TinderUIPoCUITests/Info.plist;
				LD_RUNPATH_SEARCH_PATHS = (
					"$(inherited)",
					"@executable_path/Frameworks",
					"@loader_path/Frameworks",
				);
				PRODUCT_BUNDLE_IDENTIFIER = com.oyatom.TinderUIPoCUITests;
				PRODUCT_NAME = "$(TARGET_NAME)";
				SWIFT_VERSION = 5.0;
				TARGETED_DEVICE_FAMILY = "1,2";
				TEST_TARGET_NAME = TinderUIPoC;
			};
			name = Release;
		};
/* End XCBuildConfiguration section */

/* Begin XCConfigurationList section */
		5C7E481B248BCA9100E01610 /* Build configuration list for PBXProject "TinderUIPoC" */ = {
			isa = XCConfigurationList;
			buildConfigurations = (
				5C7E4848248BCA9300E01610 /* Debug */,
				5C7E4849248BCA9300E01610 /* Release */,
			);
			defaultConfigurationIsVisible = 0;
			defaultConfigurationName = Release;
		};
		5C7E484A248BCA9300E01610 /* Build configuration list for PBXNativeTarget "TinderUIPoC" */ = {
			isa = XCConfigurationList;
			buildConfigurations = (
				5C7E484B248BCA9300E01610 /* Debug */,
				5C7E484C248BCA9300E01610 /* Release */,
			);
			defaultConfigurationIsVisible = 0;
			defaultConfigurationName = Release;
		};
		5C7E484D248BCA9300E01610 /* Build configuration list for PBXNativeTarget "TinderUIPoCTests" */ = {
			isa = XCConfigurationList;
			buildConfigurations = (
				5C7E484E248BCA9300E01610 /* Debug */,
				5C7E484F248BCA9300E01610 /* Release */,
			);
			defaultConfigurationIsVisible = 0;
			defaultConfigurationName = Release;
		};
		5C7E4850248BCA9300E01610 /* Build configuration list for PBXNativeTarget "TinderUIPoCUITests" */ = {
			isa = XCConfigurationList;
			buildConfigurations = (
				5C7E4851248BCA9300E01610 /* Debug */,
				5C7E4852248BCA9300E01610 /* Release */,
			);
			defaultConfigurationIsVisible = 0;
			defaultConfigurationName = Release;
		};
/* End XCConfigurationList section */
	};
	rootObject = 5C7E4818248BCA9100E01610 /* Project object */;
}
